
Microsoft Visual Studio Solution File, Format Version 12.00
# Visual Studio 15
VisualStudioVersion = 15.0.33529.398
MinimumVisualStudioVersion = 10.0.40219.1
Project("{FAE04EC0-301F-11D3-BF4B-00C04F79EFBC}") = "KuruTemizleme", "KuruTemizleme\KuruTemizleme.csproj", "{CBD80CEE-18C6-47B4-9C10-F019C4FB0BB6}"
EndProject
Global
	GlobalSection(SolutionConfigurationPlatforms) = preSolution
		Debug|Any CPU = Debug|Any CPU
		Release|Any CPU = Release|Any CPU
	EndGlobalSection
	GlobalSection(ProjectConfigurationPlatforms) = postSolution
		{CBD80CEE-18C6-47B4-9C10-F019C4FB0BB6}.Debug|Any CPU.ActiveCfg = Debug|Any CPU
		{CBD80CEE-18C6-47B4-9C10-F019C4FB0BB6}.Debug|Any CPU.Build.0 = Debug|Any CPU
		{CBD80CEE-18C6-47B4-9C10-F019C4FB0BB6}.Release|Any CPU.ActiveCfg = Release|Any CPU
		{CBD80CEE-18C6-47B4-9C10-F019C4FB0BB6}.Release|Any CPU.Build.0 = Release|Any CPU
	EndGlobalSection
	GlobalSection(SolutionProperties) = preSolution
		HideSolutionNode = FALSE
	EndGlobalSection
	GlobalSection(ExtensibilityGlobals) = postSolution
		SolutionGuid = {D74D1DFF-7106-4FC2-A0E7-7E6998EFEED7}
	EndGlobalSection
EndGlobal
